# Generated by pub
# See http://pub.dartlang.org/doc/glossary.html#lockfile
packages:
  _discoveryapis_commons:
    description: _discoveryapis_commons
    source: hosted
    version: "0.1.3"
  analyzer:
    description: analyzer
    source: hosted
    version: "0.26.2+1"
  args:
    description: args
    source: hosted
    version: "0.13.2"
  async:
    description: async
    source: hosted
    version: "1.4.0"
  barback:
    description: barback
    source: hosted
    version: "0.15.2+7"
  bson:
    description: bson
    source: hosted
    version: "0.1.23"
  charcode:
    description: charcode
    source: hosted
    version: "1.1.0"
  collection:
    description: collection
    source: hosted
    version: "1.1.3"
  convert:
    description: convert
    source: hosted
    version: "1.0.1"
  crypto:
    description: crypto
    source: hosted
    version: "0.9.1"
  csslib:
    description: csslib
    source: hosted
    version: "0.12.2"
  dart_style:
    description: dart_style
    source: hosted
    version: "0.2.0"
  ebisu:
    description:
      path: "/home/dbdavidson/dev/open_source/ebisu"
      relative: false
    source: path
    version: "0.6.5"
  ebisu_cpp:
    description:
      path: "/home/dbdavidson/dev/open_source/ebisu_cpp"
      relative: false
    source: path
    version: "0.3.5"
  ebisu_cpp_db:
    description:
      path: "/home/dbdavidson/dev/open_source/ebisu_cpp_db"
      relative: false
    source: path
    version: "0.0.7"
  ebisu_web_ui:
    description:
      ref: null
      resolved-ref: "3793b302f9101ed70c6b3236ee0da9c4dc8af853"
      url: "git://github.com/patefacio/ebisu_web_ui"
    source: git
    version: "0.0.1"
  fixnum:
    description: fixnum
    source: hosted
    version: "0.10.2"
  github:
    description: github
    source: hosted
    version: "2.1.9"
  glob:
    description: glob
    source: hosted
    version: "1.0.5"
  googleapis:
    description: googleapis
    source: hosted
    version: "0.9.0"
  html:
    description: html
    source: hosted
    version: "0.12.2"
  html5lib:
    description: html5lib
    source: hosted
    version: "0.12.1"
  http:
    description: http
    source: hosted
    version: "0.11.3+2"
  http_multi_server:
    description: http_multi_server
    source: hosted
    version: "1.3.2"
  http_parser:
    description: http_parser
    source: hosted
    version: "1.1.0"
  id:
    description:
      path: "/home/dbdavidson/dev/open_source/id"
      relative: false
    source: path
    version: "1.0.12"
  ini:
    description: ini
    source: hosted
    version: "1.1.0"
  json_schema:
    description:
      ref: null
      resolved-ref: a9b36155d47a936ee082eb10b1ab0b2ddf00aefb
      url: "git://github.com/patefacio/json_schema"
    source: git
    version: "1.0.1"
  logging:
    description: logging
    source: hosted
    version: "0.9.3"
  magus:
    description:
      path: "/home/dbdavidson/dev/open_source/magus"
      relative: false
    source: path
    version: "0.0.15"
  matcher:
    description: matcher
    source: hosted
    version: "0.12.0+1"
  mime:
    description: mime
    source: hosted
    version: "0.9.3"
  mongo_dart:
    description: mongo_dart
    source: hosted
    version: "0.1.47"
  mongo_dart_query:
    description: mongo_dart_query
    source: hosted
    version: "0.1.17"
  more:
    description: more
    source: hosted
    version: "1.5.0"
  options_file:
    description: options_file
    source: hosted
    version: "0.11.0"
  package_config:
    description: package_config
    source: hosted
    version: "0.1.3"
  path:
    description: path
    source: hosted
    version: "1.3.7"
  petitparser:
    description: petitparser
    source: hosted
    version: "1.5.0"
  plugin:
    description: plugin
    source: hosted
    version: "0.1.0"
  pool:
    description: pool
    source: hosted
    version: "1.2.1"
  prettify:
    description: prettify
    source: hosted
    version: "0.1.2"
  pub_semver:
    description: pub_semver
    source: hosted
    version: "1.2.3"
  quiver:
    description: quiver
    source: hosted
    version: "0.21.4"
  shelf:
    description: shelf
    source: hosted
    version: "0.6.4+2"
  shelf_static:
    description: shelf_static
    source: hosted
    version: "0.2.3+1"
  shelf_web_socket:
    description: shelf_web_socket
    source: hosted
    version: "0.0.1+4"
  simple_schema:
    description:
      ref: null
      resolved-ref: d1c1f837eeaaac0f1fbeb20762e904a0b1f955da
      url: "git://github.com/patefacio/simple_schema"
    source: git
    version: "0.0.2"
  source_map_stack_trace:
    description: source_map_stack_trace
    source: hosted
    version: "1.0.4"
  source_maps:
    description: source_maps
    source: hosted
    version: "0.10.1"
  source_span:
    description: source_span
    source: hosted
    version: "1.2.1"
  sqljocky:
    description: sqljocky
    source: hosted
    version: "0.11.0"
  stack_trace:
    description: stack_trace
    source: hosted
    version: "1.5.0"
  string_scanner:
    description: string_scanner
    source: hosted
    version: "0.1.4"
  test:
    description: test
    source: hosted
    version: "0.12.5+1"
  typed_data:
    description: typed_data
    source: hosted
    version: "1.1.1"
  unittest:
    description: unittest
    source: hosted
    version: "0.11.6+1"
  utf:
    description: utf
    source: hosted
    version: "0.9.0+2"
  watcher:
    description: watcher
    source: hosted
    version: "0.9.7"
  xgrep:
    description:
      path: "/home/dbdavidson/dev/open_source/xgrep"
      relative: false
    source: path
    version: "0.0.6"
  xml:
    description: xml
    source: hosted
    version: "2.4.0"
  yaml:
    description: yaml
    source: hosted
    version: "2.1.7"
