# Generated by pub
# See http://pub.dartlang.org/doc/glossary.html#lockfile
packages:
  args:
    description: args
    source: hosted
    version: "0.12.2+1"
  collection:
    description: collection
    source: hosted
    version: "1.1.0"
  crypto:
    description: crypto
    source: hosted
    version: "0.9.0"
  csslib:
    description: csslib
    source: hosted
    version: "0.11.0+2"
  ebisu:
    description:
      path: "/home/dbdavidson/dev/open_source/ebisu"
      relative: false
    source: path
    version: "0.0.11"
  ebisu_cpp:
    description:
      ref: null
      resolved-ref: "4ca9d5287840d9066c36dac70fb9d307cb8a90b8"
      url: "git://github.com/patefacio/ebisu_cpp"
    source: git
    version: "0.0.1"
  ebisu_dlang:
    description: ebisu_dlang
    source: hosted
    version: "0.0.4"
  github:
    description: github
    source: hosted
    version: "2.1.3"
  html5lib:
    description: html5lib
    source: hosted
    version: "0.12.0"
  id:
    description:
      ref: null
      resolved-ref: "9042d3b7c386f8077e536f1a678e205d435b7e5d"
      url: "git://github.com/patefacio/id"
    source: git
    version: "1.0.3"
  ini:
    description: ini
    source: hosted
    version: "1.0.0"
  json_schema:
    description:
      ref: null
      resolved-ref: "828c984c3980895c7e2a5f6d18f99a0b9ef82a31"
      url: "git://github.com/patefacio/json_schema"
    source: git
    version: "1.0.1"
  logging:
    description: logging
    source: hosted
    version: "0.9.2"
  magus:
    description:
      ref: null
      resolved-ref: c8a7bc3c68234e18cae4ef51fe82ba76aee79c20
      url: "git://github.com/patefacio/magus"
    source: git
    version: "0.0.1"
  options_file:
    description: options_file
    source: hosted
    version: "0.10.0"
  path:
    description: path
    source: hosted
    version: "1.3.1"
  petitparser:
    description: petitparser
    source: hosted
    version: "1.3.3"
  quiver:
    description: quiver
    source: hosted
    version: "0.18.2"
  simple_schema:
    description:
      ref: null
      resolved-ref: ffc77992742a71d1300dafd8d51dff50e1014e42
      url: "git://github.com/patefacio/simple_schema"
    source: git
    version: "0.0.2"
  source_span:
    description: source_span
    source: hosted
    version: "1.0.2"
  sqljocky:
    description: sqljocky
    source: hosted
    version: "0.11.0"
  stack_trace:
    description: stack_trace
    source: hosted
    version: "0.9.3+2"
  unittest:
    description: unittest
    source: hosted
    version: "0.9.3"
  utf:
    description: utf
    source: hosted
    version: "0.9.0+1"
  xml:
    description: xml
    source: hosted
    version: "2.2.1"
